
Microsoft Visual Studio Solution File, Format Version 12.00
# Visual Studio Version 17
VisualStudioVersion = 17.6.33815.320
MinimumVisualStudioVersion = 10.0.40219.1
Project("{FAE04EC0-301F-11D3-BF4B-00C04F79EFBC}") = "Zadanie 4", "Zadanie 4\Zadanie 4.csproj", "{BD4545AF-21BD-4E3C-BD9C-568935412249}"
EndProject
Global
	GlobalSection(SolutionConfigurationPlatforms) = preSolution
		Debug|Any CPU = Debug|Any CPU
		Release|Any CPU = Release|Any CPU
	EndGlobalSection
	GlobalSection(ProjectConfigurationPlatforms) = postSolution
		{BD4545AF-21BD-4E3C-BD9C-568935412249}.Debug|Any CPU.ActiveCfg = Debug|Any CPU
		{BD4545AF-21BD-4E3C-BD9C-568935412249}.Debug|Any CPU.Build.0 = Debug|Any CPU
		{BD4545AF-21BD-4E3C-BD9C-568935412249}.Release|Any CPU.ActiveCfg = Release|Any CPU
		{BD4545AF-21BD-4E3C-BD9C-568935412249}.Release|Any CPU.Build.0 = Release|Any CPU
	EndGlobalSection
	GlobalSection(SolutionProperties) = preSolution
		HideSolutionNode = FALSE
	EndGlobalSection
	GlobalSection(ExtensibilityGlobals) = postSolution
		SolutionGuid = {8D3E2F42-472F-4754-97A6-E360E8BA2B22}
	EndGlobalSection
EndGlobal
